
Microsoft Visual Studio Solution File, Format Version 12.00
# Visual Studio 2015
Project("{FAE04EC0-301F-11D3-BF4B-00C04F79EFBC}") = "Adventure Game!.Plugins", "Adventure Game!.Plugins.csproj", "{5D9FCAA9-C0EE-8F33-1807-CAF723C7F355}"
EndProject
Project("{FAE04EC0-301F-11D3-BF4B-00C04F79EFBC}") = "Adventure Game!.Editor", "Adventure Game!.Editor.csproj", "{917334DC-8FBF-BCC9-BD3B-146B3643A448}"
EndProject
Global
	GlobalSection(SolutionConfigurationPlatforms) = preSolution
		Debug|Any CPU = Debug|Any CPU
		Release|Any CPU = Release|Any CPU
	EndGlobalSection
	GlobalSection(ProjectConfigurationPlatforms) = postSolution
		{5D9FCAA9-C0EE-8F33-1807-CAF723C7F355}.Debug|Any CPU.ActiveCfg = Debug|Any CPU
		{5D9FCAA9-C0EE-8F33-1807-CAF723C7F355}.Debug|Any CPU.Build.0 = Debug|Any CPU
		{5D9FCAA9-C0EE-8F33-1807-CAF723C7F355}.Release|Any CPU.ActiveCfg = Release|Any CPU
		{5D9FCAA9-C0EE-8F33-1807-CAF723C7F355}.Release|Any CPU.Build.0 = Release|Any CPU
		{917334DC-8FBF-BCC9-BD3B-146B3643A448}.Debug|Any CPU.ActiveCfg = Debug|Any CPU
		{917334DC-8FBF-BCC9-BD3B-146B3643A448}.Debug|Any CPU.Build.0 = Debug|Any CPU
		{917334DC-8FBF-BCC9-BD3B-146B3643A448}.Release|Any CPU.ActiveCfg = Release|Any CPU
		{917334DC-8FBF-BCC9-BD3B-146B3643A448}.Release|Any CPU.Build.0 = Release|Any CPU
	EndGlobalSection
	GlobalSection(SolutionProperties) = preSolution
		HideSolutionNode = FALSE
	EndGlobalSection
EndGlobal
